
Microsoft Visual Studio Solution File, Format Version 12.00
# Visual Studio Version 17
VisualStudioVersion = 17.7.34202.233
MinimumVisualStudioVersion = 10.0.40219.1
Project("{FAE04EC0-301F-11D3-BF4B-00C04F79EFBC}") = "WinFormsApp1", "WinFormsApp1\WinFormsApp1.csproj", "{5190C13F-82CB-4EA2-8EEE-6BF60773B16E}"
EndProject
Global
	GlobalSection(SolutionConfigurationPlatforms) = preSolution
		Debug|Any CPU = Debug|Any CPU
		Release|Any CPU = Release|Any CPU
	EndGlobalSection
	GlobalSection(ProjectConfigurationPlatforms) = postSolution
		{5190C13F-82CB-4EA2-8EEE-6BF60773B16E}.Debug|Any CPU.ActiveCfg = Debug|Any CPU
		{5190C13F-82CB-4EA2-8EEE-6BF60773B16E}.Debug|Any CPU.Build.0 = Debug|Any CPU
		{5190C13F-82CB-4EA2-8EEE-6BF60773B16E}.Release|Any CPU.ActiveCfg = Release|Any CPU
		{5190C13F-82CB-4EA2-8EEE-6BF60773B16E}.Release|Any CPU.Build.0 = Release|Any CPU
	EndGlobalSection
	GlobalSection(SolutionProperties) = preSolution
		HideSolutionNode = FALSE
	EndGlobalSection
	GlobalSection(ExtensibilityGlobals) = postSolution
		SolutionGuid = {29C334DD-2782-402E-9E39-3A0FDA25DED8}
	EndGlobalSection
EndGlobal
